
Microsoft Visual Studio Solution File, Format Version 12.00
# Visual Studio 15
VisualStudioVersion = 15.0.26430.13
MinimumVisualStudioVersion = 10.0.40219.1
Project("{FAE04EC0-301F-11D3-BF4B-00C04F79EFBC}") = "BBSports", "BBSports\BBSports.csproj", "{2D449E5F-4CD1-4DEC-AFD7-FD02C1430A26}"
EndProject
Project("{FAE04EC0-301F-11D3-BF4B-00C04F79EFBC}") = "BBSportsMobile.Android", "BBSportsMobile\BBSportsMobile.Android\BBSportsMobile.Android.csproj", "{811ED150-D6B8-4455-81DB-ECF21C74BE33}"
EndProject
Project("{FAE04EC0-301F-11D3-BF4B-00C04F79EFBC}") = "BBSportsMobile", "BBSportsMobile\BBSportsMobile\BBSportsMobile.csproj", "{D0E8AC83-2541-4B27-9445-546F26EA5D6C}"
EndProject
Project("{FAE04EC0-301F-11D3-BF4B-00C04F79EFBC}") = "BBSportsMobile.UWP", "BBSportsMobile\BBSportsMobile.UWP\BBSportsMobile.UWP.csproj", "{72C5260B-2BDC-420A-8D32-7DE434E1FAD0}"
EndProject
Project("{FAE04EC0-301F-11D3-BF4B-00C04F79EFBC}") = "BBSportsMobile.iOS", "BBSportsMobile\BBSportsMobile.iOS\BBSportsMobile.iOS.csproj", "{1CD6BA0F-1B9A-489D-B3BA-95C78CB6E815}"
EndProject
Global
	GlobalSection(SolutionConfigurationPlatforms) = preSolution
		Ad-Hoc|Any CPU = Ad-Hoc|Any CPU
		Ad-Hoc|ARM = Ad-Hoc|ARM
		Ad-Hoc|iPhone = Ad-Hoc|iPhone
		Ad-Hoc|iPhoneSimulator = Ad-Hoc|iPhoneSimulator
		Ad-Hoc|x64 = Ad-Hoc|x64
		Ad-Hoc|x86 = Ad-Hoc|x86
		AppStore|Any CPU = AppStore|Any CPU
		AppStore|ARM = AppStore|ARM
		AppStore|iPhone = AppStore|iPhone
		AppStore|iPhoneSimulator = AppStore|iPhoneSimulator
		AppStore|x64 = AppStore|x64
		AppStore|x86 = AppStore|x86
		Debug|Any CPU = Debug|Any CPU
		Debug|ARM = Debug|ARM
		Debug|iPhone = Debug|iPhone
		Debug|iPhoneSimulator = Debug|iPhoneSimulator
		Debug|x64 = Debug|x64
		Debug|x86 = Debug|x86
		Release|Any CPU = Release|Any CPU
		Release|ARM = Release|ARM
		Release|iPhone = Release|iPhone
		Release|iPhoneSimulator = Release|iPhoneSimulator
		Release|x64 = Release|x64
		Release|x86 = Release|x86
	EndGlobalSection
	GlobalSection(ProjectConfigurationPlatforms) = postSolution
		{2D449E5F-4CD1-4DEC-AFD7-FD02C1430A26}.Ad-Hoc|Any CPU.ActiveCfg = Release|Any CPU
		{2D449E5F-4CD1-4DEC-AFD7-FD02C1430A26}.Ad-Hoc|Any CPU.Build.0 = Release|Any CPU
		{2D449E5F-4CD1-4DEC-AFD7-FD02C1430A26}.Ad-Hoc|ARM.ActiveCfg = Release|Any CPU
		{2D449E5F-4CD1-4DEC-AFD7-FD02C1430A26}.Ad-Hoc|ARM.Build.0 = Release|Any CPU
		{2D449E5F-4CD1-4DEC-AFD7-FD02C1430A26}.Ad-Hoc|iPhone.ActiveCfg = Release|Any CPU
		{2D449E5F-4CD1-4DEC-AFD7-FD02C1430A26}.Ad-Hoc|iPhone.Build.0 = Release|Any CPU
		{2D449E5F-4CD1-4DEC-AFD7-FD02C1430A26}.Ad-Hoc|iPhoneSimulator.ActiveCfg = Release|Any CPU
		{2D449E5F-4CD1-4DEC-AFD7-FD02C1430A26}.Ad-Hoc|iPhoneSimulator.Build.0 = Release|Any CPU
		{2D449E5F-4CD1-4DEC-AFD7-FD02C1430A26}.Ad-Hoc|x64.ActiveCfg = Release|Any CPU
		{2D449E5F-4CD1-4DEC-AFD7-FD02C1430A26}.Ad-Hoc|x64.Build.0 = Release|Any CPU
		{2D449E5F-4CD1-4DEC-AFD7-FD02C1430A26}.Ad-Hoc|x86.ActiveCfg = Release|Any CPU
		{2D449E5F-4CD1-4DEC-AFD7-FD02C1430A26}.Ad-Hoc|x86.Build.0 = Release|Any CPU
		{2D449E5F-4CD1-4DEC-AFD7-FD02C1430A26}.AppStore|Any CPU.ActiveCfg = Release|Any CPU
		{2D449E5F-4CD1-4DEC-AFD7-FD02C1430A26}.AppStore|Any CPU.Build.0 = Release|Any CPU
		{2D449E5F-4CD1-4DEC-AFD7-FD02C1430A26}.AppStore|ARM.ActiveCfg = Release|Any CPU
		{2D449E5F-4CD1-4DEC-AFD7-FD02C1430A26}.AppStore|ARM.Build.0 = Release|Any CPU
		{2D449E5F-4CD1-4DEC-AFD7-FD02C1430A26}.AppStore|iPhone.ActiveCfg = Release|Any CPU
		{2D449E5F-4CD1-4DEC-AFD7-FD02C1430A26}.AppStore|iPhone.Build.0 = Release|Any CPU
		{2D449E5F-4CD1-4DEC-AFD7-FD02C1430A26}.AppStore|iPhoneSimulator.ActiveCfg = Release|Any CPU
		{2D449E5F-4CD1-4DEC-AFD7-FD02C1430A26}.AppStore|iPhoneSimulator.Build.0 = Release|Any CPU
		{2D449E5F-4CD1-4DEC-AFD7-FD02C1430A26}.AppStore|x64.ActiveCfg = Release|Any CPU
		{2D449E5F-4CD1-4DEC-AFD7-FD02C1430A26}.AppStore|x64.Build.0 = Release|Any CPU
		{2D449E5F-4CD1-4DEC-AFD7-FD02C1430A26}.AppStore|x86.ActiveCfg = Release|Any CPU
		{2D449E5F-4CD1-4DEC-AFD7-FD02C1430A26}.AppStore|x86.Build.0 = Release|Any CPU
		{2D449E5F-4CD1-4DEC-AFD7-FD02C1430A26}.Debug|Any CPU.ActiveCfg = Debug|Any CPU
		{2D449E5F-4CD1-4DEC-AFD7-FD02C1430A26}.Debug|Any CPU.Build.0 = Debug|Any CPU
		{2D449E5F-4CD1-4DEC-AFD7-FD02C1430A26}.Debug|ARM.ActiveCfg = Debug|Any CPU
		{2D449E5F-4CD1-4DEC-AFD7-FD02C1430A26}.Debug|ARM.Build.0 = Debug|Any CPU
		{2D449E5F-4CD1-4DEC-AFD7-FD02C1430A26}.Debug|iPhone.ActiveCfg = Debug|Any CPU
		{2D449E5F-4CD1-4DEC-AFD7-FD02C1430A26}.Debug|iPhone.Build.0 = Debug|Any CPU
		{2D449E5F-4CD1-4DEC-AFD7-FD02C1430A26}.Debug|iPhoneSimulator.ActiveCfg = Debug|Any CPU
		{2D449E5F-4CD1-4DEC-AFD7-FD02C1430A26}.Debug|iPhoneSimulator.Build.0 = Debug|Any CPU
		{2D449E5F-4CD1-4DEC-AFD7-FD02C1430A26}.Debug|x64.ActiveCfg = Debug|Any CPU
		{2D449E5F-4CD1-4DEC-AFD7-FD02C1430A26}.Debug|x64.Build.0 = Debug|Any CPU
		{2D449E5F-4CD1-4DEC-AFD7-FD02C1430A26}.Debug|x86.ActiveCfg = Debug|Any CPU
		{2D449E5F-4CD1-4DEC-AFD7-FD02C1430A26}.Debug|x86.Build.0 = Debug|Any CPU
		{2D449E5F-4CD1-4DEC-AFD7-FD02C1430A26}.Release|Any CPU.ActiveCfg = Release|Any CPU
		{2D449E5F-4CD1-4DEC-AFD7-FD02C1430A26}.Release|Any CPU.Build.0 = Release|Any CPU
		{2D449E5F-4CD1-4DEC-AFD7-FD02C1430A26}.Release|ARM.ActiveCfg = Release|Any CPU
		{2D449E5F-4CD1-4DEC-AFD7-FD02C1430A26}.Release|ARM.Build.0 = Release|Any CPU
		{2D449E5F-4CD1-4DEC-AFD7-FD02C1430A26}.Release|iPhone.ActiveCfg = Release|Any CPU
		{2D449E5F-4CD1-4DEC-AFD7-FD02C1430A26}.Release|iPhone.Build.0 = Release|Any CPU
		{2D449E5F-4CD1-4DEC-AFD7-FD02C1430A26}.Release|iPhoneSimulator.ActiveCfg = Release|Any CPU
		{2D449E5F-4CD1-4DEC-AFD7-FD02C1430A26}.Release|iPhoneSimulator.Build.0 = Release|Any CPU
		{2D449E5F-4CD1-4DEC-AFD7-FD02C1430A26}.Release|x64.ActiveCfg = Release|Any CPU
		{2D449E5F-4CD1-4DEC-AFD7-FD02C1430A26}.Release|x64.Build.0 = Release|Any CPU
		{2D449E5F-4CD1-4DEC-AFD7-FD02C1430A26}.Release|x86.ActiveCfg = Release|Any CPU
		{2D449E5F-4CD1-4DEC-AFD7-FD02C1430A26}.Release|x86.Build.0 = Release|Any CPU
		{811ED150-D6B8-4455-81DB-ECF21C74BE33}.Ad-Hoc|Any CPU.ActiveCfg = Release|Any CPU
		{811ED150-D6B8-4455-81DB-ECF21C74BE33}.Ad-Hoc|Any CPU.Build.0 = Release|Any CPU
		{811ED150-D6B8-4455-81DB-ECF21C74BE33}.Ad-Hoc|Any CPU.Deploy.0 = Release|Any CPU
		{811ED150-D6B8-4455-81DB-ECF21C74BE33}.Ad-Hoc|ARM.ActiveCfg = Release|Any CPU
		{811ED150-D6B8-4455-81DB-ECF21C74BE33}.Ad-Hoc|ARM.Build.0 = Release|Any CPU
		{811ED150-D6B8-4455-81DB-ECF21C74BE33}.Ad-Hoc|ARM.Deploy.0 = Release|Any CPU
		{811ED150-D6B8-4455-81DB-ECF21C74BE33}.Ad-Hoc|iPhone.ActiveCfg = Release|Any CPU
		{811ED150-D6B8-4455-81DB-ECF21C74BE33}.Ad-Hoc|iPhone.Build.0 = Release|Any CPU
		{811ED150-D6B8-4455-81DB-ECF21C74BE33}.Ad-Hoc|iPhone.Deploy.0 = Release|Any CPU
		{811ED150-D6B8-4455-81DB-ECF21C74BE33}.Ad-Hoc|iPhoneSimulator.ActiveCfg = Release|Any CPU
		{811ED150-D6B8-4455-81DB-ECF21C74BE33}.Ad-Hoc|iPhoneSimulator.Build.0 = Release|Any CPU
		{811ED150-D6B8-4455-81DB-ECF21C74BE33}.Ad-Hoc|iPhoneSimulator.Deploy.0 = Release|Any CPU
		{811ED150-D6B8-4455-81DB-ECF21C74BE33}.Ad-Hoc|x64.ActiveCfg = Release|Any CPU
		{811ED150-D6B8-4455-81DB-ECF21C74BE33}.Ad-Hoc|x64.Build.0 = Release|Any CPU
		{811ED150-D6B8-4455-81DB-ECF21C74BE33}.Ad-Hoc|x64.Deploy.0 = Release|Any CPU
		{811ED150-D6B8-4455-81DB-ECF21C74BE33}.Ad-Hoc|x86.ActiveCfg = Release|Any CPU
		{811ED150-D6B8-4455-81DB-ECF21C74BE33}.Ad-Hoc|x86.Build.0 = Release|Any CPU
		{811ED150-D6B8-4455-81DB-ECF21C74BE33}.Ad-Hoc|x86.Deploy.0 = Release|Any CPU
		{811ED150-D6B8-4455-81DB-ECF21C74BE33}.AppStore|Any CPU.ActiveCfg = Release|Any CPU
		{811ED150-D6B8-4455-81DB-ECF21C74BE33}.AppStore|Any CPU.Build.0 = Release|Any CPU
		{811ED150-D6B8-4455-81DB-ECF21C74BE33}.AppStore|Any CPU.Deploy.0 = Release|Any CPU
		{811ED150-D6B8-4455-81DB-ECF21C74BE33}.AppStore|ARM.ActiveCfg = Release|Any CPU
		{811ED150-D6B8-4455-81DB-ECF21C74BE33}.AppStore|ARM.Build.0 = Release|Any CPU
		{811ED150-D6B8-4455-81DB-ECF21C74BE33}.AppStore|ARM.Deploy.0 = Release|Any CPU
		{811ED150-D6B8-4455-81DB-ECF21C74BE33}.AppStore|iPhone.ActiveCfg = Release|Any CPU
		{811ED150-D6B8-4455-81DB-ECF21C74BE33}.AppStore|iPhone.Build.0 = Release|Any CPU
		{811ED150-D6B8-4455-81DB-ECF21C74BE33}.AppStore|iPhone.Deploy.0 = Release|Any CPU
		{811ED150-D6B8-4455-81DB-ECF21C74BE33}.AppStore|iPhoneSimulator.ActiveCfg = Release|Any CPU
		{811ED150-D6B8-4455-81DB-ECF21C74BE33}.AppStore|iPhoneSimulator.Build.0 = Release|Any CPU
		{811ED150-D6B8-4455-81DB-ECF21C74BE33}.AppStore|iPhoneSimulator.Deploy.0 = Release|Any CPU
		{811ED150-D6B8-4455-81DB-ECF21C74BE33}.AppStore|x64.ActiveCfg = Release|Any CPU
		{811ED150-D6B8-4455-81DB-ECF21C74BE33}.AppStore|x64.Build.0 = Release|Any CPU
		{811ED150-D6B8-4455-81DB-ECF21C74BE33}.AppStore|x64.Deploy.0 = Release|Any CPU
		{811ED150-D6B8-4455-81DB-ECF21C74BE33}.AppStore|x86.ActiveCfg = Release|Any CPU
		{811ED150-D6B8-4455-81DB-ECF21C74BE33}.AppStore|x86.Build.0 = Release|Any CPU
		{811ED150-D6B8-4455-81DB-ECF21C74BE33}.AppStore|x86.Deploy.0 = Release|Any CPU
		{811ED150-D6B8-4455-81DB-ECF21C74BE33}.Debug|Any CPU.ActiveCfg = Debug|Any CPU
		{811ED150-D6B8-4455-81DB-ECF21C74BE33}.Debug|Any CPU.Build.0 = Debug|Any CPU
		{811ED150-D6B8-4455-81DB-ECF21C74BE33}.Debug|Any CPU.Deploy.0 = Debug|Any CPU
		{811ED150-D6B8-4455-81DB-ECF21C74BE33}.Debug|ARM.ActiveCfg = Debug|Any CPU
		{811ED150-D6B8-4455-81DB-ECF21C74BE33}.Debug|ARM.Build.0 = Debug|Any CPU
		{811ED150-D6B8-4455-81DB-ECF21C74BE33}.Debug|ARM.Deploy.0 = Debug|Any CPU
		{811ED150-D6B8-4455-81DB-ECF21C74BE33}.Debug|iPhone.ActiveCfg = Debug|Any CPU
		{811ED150-D6B8-4455-81DB-ECF21C74BE33}.Debug|iPhone.Build.0 = Debug|Any CPU
		{811ED150-D6B8-4455-81DB-ECF21C74BE33}.Debug|iPhone.Deploy.0 = Debug|Any CPU
		{811ED150-D6B8-4455-81DB-ECF21C74BE33}.Debug|iPhoneSimulator.ActiveCfg = Debug|Any CPU
		{811ED150-D6B8-4455-81DB-ECF21C74BE33}.Debug|iPhoneSimulator.Build.0 = Debug|Any CPU
		{811ED150-D6B8-4455-81DB-ECF21C74BE33}.Debug|iPhoneSimulator.Deploy.0 = Debug|Any CPU
		{811ED150-D6B8-4455-81DB-ECF21C74BE33}.Debug|x64.ActiveCfg = Debug|Any CPU
		{811ED150-D6B8-4455-81DB-ECF21C74BE33}.Debug|x64.Build.0 = Debug|Any CPU
		{811ED150-D6B8-4455-81DB-ECF21C74BE33}.Debug|x64.Deploy.0 = Debug|Any CPU
		{811ED150-D6B8-4455-81DB-ECF21C74BE33}.Debug|x86.ActiveCfg = Debug|Any CPU
		{811ED150-D6B8-4455-81DB-ECF21C74BE33}.Debug|x86.Build.0 = Debug|Any CPU
		{811ED150-D6B8-4455-81DB-ECF21C74BE33}.Debug|x86.Deploy.0 = Debug|Any CPU
		{811ED150-D6B8-4455-81DB-ECF21C74BE33}.Release|Any CPU.ActiveCfg = Release|Any CPU
		{811ED150-D6B8-4455-81DB-ECF21C74BE33}.Release|Any CPU.Build.0 = Release|Any CPU
		{811ED150-D6B8-4455-81DB-ECF21C74BE33}.Release|Any CPU.Deploy.0 = Release|Any CPU
		{811ED150-D6B8-4455-81DB-ECF21C74BE33}.Release|ARM.ActiveCfg = Release|Any CPU
		{811ED150-D6B8-4455-81DB-ECF21C74BE33}.Release|ARM.Build.0 = Release|Any CPU
		{811ED150-D6B8-4455-81DB-ECF21C74BE33}.Release|ARM.Deploy.0 = Release|Any CPU
		{811ED150-D6B8-4455-81DB-ECF21C74BE33}.Release|iPhone.ActiveCfg = Release|Any CPU
		{811ED150-D6B8-4455-81DB-ECF21C74BE33}.Release|iPhone.Build.0 = Release|Any CPU
		{811ED150-D6B8-4455-81DB-ECF21C74BE33}.Release|iPhone.Deploy.0 = Release|Any CPU
		{811ED150-D6B8-4455-81DB-ECF21C74BE33}.Release|iPhoneSimulator.ActiveCfg = Release|Any CPU
		{811ED150-D6B8-4455-81DB-ECF21C74BE33}.Release|iPhoneSimulator.Build.0 = Release|Any CPU
		{811ED150-D6B8-4455-81DB-ECF21C74BE33}.Release|iPhoneSimulator.Deploy.0 = Release|Any CPU
		{811ED150-D6B8-4455-81DB-ECF21C74BE33}.Release|x64.ActiveCfg = Release|Any CPU
		{811ED150-D6B8-4455-81DB-ECF21C74BE33}.Release|x64.Build.0 = Release|Any CPU
		{811ED150-D6B8-4455-81DB-ECF21C74BE33}.Release|x64.Deploy.0 = Release|Any CPU
		{811ED150-D6B8-4455-81DB-ECF21C74BE33}.Release|x86.ActiveCfg = Release|Any CPU
		{811ED150-D6B8-4455-81DB-ECF21C74BE33}.Release|x86.Build.0 = Release|Any CPU
		{811ED150-D6B8-4455-81DB-ECF21C74BE33}.Release|x86.Deploy.0 = Release|Any CPU
		{D0E8AC83-2541-4B27-9445-546F26EA5D6C}.Ad-Hoc|Any CPU.ActiveCfg = Release|Any CPU
		{D0E8AC83-2541-4B27-9445-546F26EA5D6C}.Ad-Hoc|Any CPU.Build.0 = Release|Any CPU
		{D0E8AC83-2541-4B27-9445-546F26EA5D6C}.Ad-Hoc|ARM.ActiveCfg = Release|Any CPU
		{D0E8AC83-2541-4B27-9445-546F26EA5D6C}.Ad-Hoc|ARM.Build.0 = Release|Any CPU
		{D0E8AC83-2541-4B27-9445-546F26EA5D6C}.Ad-Hoc|iPhone.ActiveCfg = Release|Any CPU
		{D0E8AC83-2541-4B27-9445-546F26EA5D6C}.Ad-Hoc|iPhone.Build.0 = Release|Any CPU
		{D0E8AC83-2541-4B27-9445-546F26EA5D6C}.Ad-Hoc|iPhoneSimulator.ActiveCfg = Release|Any CPU
		{D0E8AC83-2541-4B27-9445-546F26EA5D6C}.Ad-Hoc|iPhoneSimulator.Build.0 = Release|Any CPU
		{D0E8AC83-2541-4B27-9445-546F26EA5D6C}.Ad-Hoc|x64.ActiveCfg = Release|Any CPU
		{D0E8AC83-2541-4B27-9445-546F26EA5D6C}.Ad-Hoc|x64.Build.0 = Release|Any CPU
		{D0E8AC83-2541-4B27-9445-546F26EA5D6C}.Ad-Hoc|x86.ActiveCfg = Release|Any CPU
		{D0E8AC83-2541-4B27-9445-546F26EA5D6C}.Ad-Hoc|x86.Build.0 = Release|Any CPU
		{D0E8AC83-2541-4B27-9445-546F26EA5D6C}.AppStore|Any CPU.ActiveCfg = Release|Any CPU
		{D0E8AC83-2541-4B27-9445-546F26EA5D6C}.AppStore|Any CPU.Build.0 = Release|Any CPU
		{D0E8AC83-2541-4B27-9445-546F26EA5D6C}.AppStore|ARM.ActiveCfg = Release|Any CPU
		{D0E8AC83-2541-4B27-9445-546F26EA5D6C}.AppStore|ARM.Build.0 = Release|Any CPU
		{D0E8AC83-2541-4B27-9445-546F26EA5D6C}.AppStore|iPhone.ActiveCfg = Release|Any CPU
		{D0E8AC83-2541-4B27-9445-546F26EA5D6C}.AppStore|iPhone.Build.0 = Release|Any CPU
		{D0E8AC83-2541-4B27-9445-546F26EA5D6C}.AppStore|iPhoneSimulator.ActiveCfg = Release|Any CPU
		{D0E8AC83-2541-4B27-9445-546F26EA5D6C}.AppStore|iPhoneSimulator.Build.0 = Release|Any CPU
		{D0E8AC83-2541-4B27-9445-546F26EA5D6C}.AppStore|x64.ActiveCfg = Release|Any CPU
		{D0E8AC83-2541-4B27-9445-546F26EA5D6C}.AppStore|x64.Build.0 = Release|Any CPU
		{D0E8AC83-2541-4B27-9445-546F26EA5D6C}.AppStore|x86.ActiveCfg = Release|Any CPU
		{D0E8AC83-2541-4B27-9445-546F26EA5D6C}.AppStore|x86.Build.0 = Release|Any CPU
		{D0E8AC83-2541-4B27-9445-546F26EA5D6C}.Debug|Any CPU.ActiveCfg = Debug|Any CPU
		{D0E8AC83-2541-4B27-9445-546F26EA5D6C}.Debug|Any CPU.Build.0 = Debug|Any CPU
		{D0E8AC83-2541-4B27-9445-546F26EA5D6C}.Debug|ARM.ActiveCfg = Debug|Any CPU
		{D0E8AC83-2541-4B27-9445-546F26EA5D6C}.Debug|ARM.Build.0 = Debug|Any CPU
		{D0E8AC83-2541-4B27-9445-546F26EA5D6C}.Debug|iPhone.ActiveCfg = Debug|Any CPU
		{D0E8AC83-2541-4B27-9445-546F26EA5D6C}.Debug|iPhone.Build.0 = Debug|Any CPU
		{D0E8AC83-2541-4B27-9445-546F26EA5D6C}.Debug|iPhoneSimulator.ActiveCfg = Debug|Any CPU
		{D0E8AC83-2541-4B27-9445-546F26EA5D6C}.Debug|iPhoneSimulator.Build.0 = Debug|Any CPU
		{D0E8AC83-2541-4B27-9445-546F26EA5D6C}.Debug|x64.ActiveCfg = Debug|Any CPU
		{D0E8AC83-2541-4B27-9445-546F26EA5D6C}.Debug|x64.Build.0 = Debug|Any CPU
		{D0E8AC83-2541-4B27-9445-546F26EA5D6C}.Debug|x86.ActiveCfg = Debug|Any CPU
		{D0E8AC83-2541-4B27-9445-546F26EA5D6C}.Debug|x86.Build.0 = Debug|Any CPU
		{D0E8AC83-2541-4B27-9445-546F26EA5D6C}.Release|Any CPU.ActiveCfg = Release|Any CPU
		{D0E8AC83-2541-4B27-9445-546F26EA5D6C}.Release|Any CPU.Build.0 = Release|Any CPU
		{D0E8AC83-2541-4B27-9445-546F26EA5D6C}.Release|ARM.ActiveCfg = Release|Any CPU
		{D0E8AC83-2541-4B27-9445-546F26EA5D6C}.Release|ARM.Build.0 = Release|Any CPU
		{D0E8AC83-2541-4B27-9445-546F26EA5D6C}.Release|iPhone.ActiveCfg = Release|Any CPU
		{D0E8AC83-2541-4B27-9445-546F26EA5D6C}.Release|iPhone.Build.0 = Release|Any CPU
		{D0E8AC83-2541-4B27-9445-546F26EA5D6C}.Release|iPhoneSimulator.ActiveCfg = Release|Any CPU
		{D0E8AC83-2541-4B27-9445-546F26EA5D6C}.Release|iPhoneSimulator.Build.0 = Release|Any CPU
		{D0E8AC83-2541-4B27-9445-546F26EA5D6C}.Release|x64.ActiveCfg = Release|Any CPU
		{D0E8AC83-2541-4B27-9445-546F26EA5D6C}.Release|x64.Build.0 = Release|Any CPU
		{D0E8AC83-2541-4B27-9445-546F26EA5D6C}.Release|x86.ActiveCfg = Release|Any CPU
		{D0E8AC83-2541-4B27-9445-546F26EA5D6C}.Release|x86.Build.0 = Release|Any CPU
		{72C5260B-2BDC-420A-8D32-7DE434E1FAD0}.Ad-Hoc|Any CPU.ActiveCfg = Release|x86
		{72C5260B-2BDC-420A-8D32-7DE434E1FAD0}.Ad-Hoc|Any CPU.Build.0 = Release|x86
		{72C5260B-2BDC-420A-8D32-7DE434E1FAD0}.Ad-Hoc|Any CPU.Deploy.0 = Release|x86
		{72C5260B-2BDC-420A-8D32-7DE434E1FAD0}.Ad-Hoc|ARM.ActiveCfg = Release|ARM
		{72C5260B-2BDC-420A-8D32-7DE434E1FAD0}.Ad-Hoc|ARM.Build.0 = Release|ARM
		{72C5260B-2BDC-420A-8D32-7DE434E1FAD0}.Ad-Hoc|ARM.Deploy.0 = Release|ARM
		{72C5260B-2BDC-420A-8D32-7DE434E1FAD0}.Ad-Hoc|iPhone.ActiveCfg = Release|x86
		{72C5260B-2BDC-420A-8D32-7DE434E1FAD0}.Ad-Hoc|iPhone.Build.0 = Release|x86
		{72C5260B-2BDC-420A-8D32-7DE434E1FAD0}.Ad-Hoc|iPhone.Deploy.0 = Release|x86
		{72C5260B-2BDC-420A-8D32-7DE434E1FAD0}.Ad-Hoc|iPhoneSimulator.ActiveCfg = Release|x86
		{72C5260B-2BDC-420A-8D32-7DE434E1FAD0}.Ad-Hoc|iPhoneSimulator.Build.0 = Release|x86
		{72C5260B-2BDC-420A-8D32-7DE434E1FAD0}.Ad-Hoc|iPhoneSimulator.Deploy.0 = Release|x86
		{72C5260B-2BDC-420A-8D32-7DE434E1FAD0}.Ad-Hoc|x64.ActiveCfg = Release|x64
		{72C5260B-2BDC-420A-8D32-7DE434E1FAD0}.Ad-Hoc|x64.Build.0 = Release|x64
		{72C5260B-2BDC-420A-8D32-7DE434E1FAD0}.Ad-Hoc|x64.Deploy.0 = Release|x64
		{72C5260B-2BDC-420A-8D32-7DE434E1FAD0}.Ad-Hoc|x86.ActiveCfg = Release|x86
		{72C5260B-2BDC-420A-8D32-7DE434E1FAD0}.Ad-Hoc|x86.Build.0 = Release|x86
		{72C5260B-2BDC-420A-8D32-7DE434E1FAD0}.Ad-Hoc|x86.Deploy.0 = Release|x86
		{72C5260B-2BDC-420A-8D32-7DE434E1FAD0}.AppStore|Any CPU.ActiveCfg = Release|x86
		{72C5260B-2BDC-420A-8D32-7DE434E1FAD0}.AppStore|Any CPU.Build.0 = Release|x86
		{72C5260B-2BDC-420A-8D32-7DE434E1FAD0}.AppStore|Any CPU.Deploy.0 = Release|x86
		{72C5260B-2BDC-420A-8D32-7DE434E1FAD0}.AppStore|ARM.ActiveCfg = Release|ARM
		{72C5260B-2BDC-420A-8D32-7DE434E1FAD0}.AppStore|ARM.Build.0 = Release|ARM
		{72C5260B-2BDC-420A-8D32-7DE434E1FAD0}.AppStore|ARM.Deploy.0 = Release|ARM
		{72C5260B-2BDC-420A-8D32-7DE434E1FAD0}.AppStore|iPhone.ActiveCfg = Release|x86
		{72C5260B-2BDC-420A-8D32-7DE434E1FAD0}.AppStore|iPhone.Build.0 = Release|x86
		{72C5260B-2BDC-420A-8D32-7DE434E1FAD0}.AppStore|iPhone.Deploy.0 = Release|x86
		{72C5260B-2BDC-420A-8D32-7DE434E1FAD0}.AppStore|iPhoneSimulator.ActiveCfg = Release|x86
		{72C5260B-2BDC-420A-8D32-7DE434E1FAD0}.AppStore|iPhoneSimulator.Build.0 = Release|x86
		{72C5260B-2BDC-420A-8D32-7DE434E1FAD0}.AppStore|iPhoneSimulator.Deploy.0 = Release|x86
		{72C5260B-2BDC-420A-8D32-7DE434E1FAD0}.AppStore|x64.ActiveCfg = Release|x64
		{72C5260B-2BDC-420A-8D32-7DE434E1FAD0}.AppStore|x64.Build.0 = Release|x64
		{72C5260B-2BDC-420A-8D32-7DE434E1FAD0}.AppStore|x64.Deploy.0 = Release|x64
		{72C5260B-2BDC-420A-8D32-7DE434E1FAD0}.AppStore|x86.ActiveCfg = Release|x86
		{72C5260B-2BDC-420A-8D32-7DE434E1FAD0}.AppStore|x86.Build.0 = Release|x86
		{72C5260B-2BDC-420A-8D32-7DE434E1FAD0}.AppStore|x86.Deploy.0 = Release|x86
		{72C5260B-2BDC-420A-8D32-7DE434E1FAD0}.Debug|Any CPU.ActiveCfg = Debug|x86
		{72C5260B-2BDC-420A-8D32-7DE434E1FAD0}.Debug|ARM.ActiveCfg = Debug|ARM
		{72C5260B-2BDC-420A-8D32-7DE434E1FAD0}.Debug|ARM.Build.0 = Debug|ARM
		{72C5260B-2BDC-420A-8D32-7DE434E1FAD0}.Debug|ARM.Deploy.0 = Debug|ARM
		{72C5260B-2BDC-420A-8D32-7DE434E1FAD0}.Debug|iPhone.ActiveCfg = Debug|x86
		{72C5260B-2BDC-420A-8D32-7DE434E1FAD0}.Debug|iPhoneSimulator.ActiveCfg = Debug|x86
		{72C5260B-2BDC-420A-8D32-7DE434E1FAD0}.Debug|x64.ActiveCfg = Debug|x64
		{72C5260B-2BDC-420A-8D32-7DE434E1FAD0}.Debug|x64.Build.0 = Debug|x64
		{72C5260B-2BDC-420A-8D32-7DE434E1FAD0}.Debug|x64.Deploy.0 = Debug|x64
		{72C5260B-2BDC-420A-8D32-7DE434E1FAD0}.Debug|x86.ActiveCfg = Debug|x86
		{72C5260B-2BDC-420A-8D32-7DE434E1FAD0}.Debug|x86.Build.0 = Debug|x86
		{72C5260B-2BDC-420A-8D32-7DE434E1FAD0}.Debug|x86.Deploy.0 = Debug|x86
		{72C5260B-2BDC-420A-8D32-7DE434E1FAD0}.Release|Any CPU.ActiveCfg = Release|x86
		{72C5260B-2BDC-420A-8D32-7DE434E1FAD0}.Release|ARM.ActiveCfg = Release|ARM
		{72C5260B-2BDC-420A-8D32-7DE434E1FAD0}.Release|ARM.Build.0 = Release|ARM
		{72C5260B-2BDC-420A-8D32-7DE434E1FAD0}.Release|ARM.Deploy.0 = Release|ARM
		{72C5260B-2BDC-420A-8D32-7DE434E1FAD0}.Release|iPhone.ActiveCfg = Release|x86
		{72C5260B-2BDC-420A-8D32-7DE434E1FAD0}.Release|iPhoneSimulator.ActiveCfg = Release|x86
		{72C5260B-2BDC-420A-8D32-7DE434E1FAD0}.Release|x64.ActiveCfg = Release|x64
		{72C5260B-2BDC-420A-8D32-7DE434E1FAD0}.Release|x64.Build.0 = Release|x64
		{72C5260B-2BDC-420A-8D32-7DE434E1FAD0}.Release|x64.Deploy.0 = Release|x64
		{72C5260B-2BDC-420A-8D32-7DE434E1FAD0}.Release|x86.ActiveCfg = Release|x86
		{72C5260B-2BDC-420A-8D32-7DE434E1FAD0}.Release|x86.Build.0 = Release|x86
		{72C5260B-2BDC-420A-8D32-7DE434E1FAD0}.Release|x86.Deploy.0 = Release|x86
		{1CD6BA0F-1B9A-489D-B3BA-95C78CB6E815}.Ad-Hoc|Any CPU.ActiveCfg = Ad-Hoc|iPhone
		{1CD6BA0F-1B9A-489D-B3BA-95C78CB6E815}.Ad-Hoc|ARM.ActiveCfg = Ad-Hoc|iPhone
		{1CD6BA0F-1B9A-489D-B3BA-95C78CB6E815}.Ad-Hoc|iPhone.ActiveCfg = Ad-Hoc|iPhone
		{1CD6BA0F-1B9A-489D-B3BA-95C78CB6E815}.Ad-Hoc|iPhone.Build.0 = Ad-Hoc|iPhone
		{1CD6BA0F-1B9A-489D-B3BA-95C78CB6E815}.Ad-Hoc|iPhoneSimulator.ActiveCfg = Ad-Hoc|iPhoneSimulator
		{1CD6BA0F-1B9A-489D-B3BA-95C78CB6E815}.Ad-Hoc|iPhoneSimulator.Build.0 = Ad-Hoc|iPhoneSimulator
		{1CD6BA0F-1B9A-489D-B3BA-95C78CB6E815}.Ad-Hoc|x64.ActiveCfg = Ad-Hoc|iPhone
		{1CD6BA0F-1B9A-489D-B3BA-95C78CB6E815}.Ad-Hoc|x86.ActiveCfg = Ad-Hoc|iPhone
		{1CD6BA0F-1B9A-489D-B3BA-95C78CB6E815}.AppStore|Any CPU.ActiveCfg = AppStore|iPhone
		{1CD6BA0F-1B9A-489D-B3BA-95C78CB6E815}.AppStore|ARM.ActiveCfg = AppStore|iPhone
		{1CD6BA0F-1B9A-489D-B3BA-95C78CB6E815}.AppStore|iPhone.ActiveCfg = AppStore|iPhone
		{1CD6BA0F-1B9A-489D-B3BA-95C78CB6E815}.AppStore|iPhone.Build.0 = AppStore|iPhone
		{1CD6BA0F-1B9A-489D-B3BA-95C78CB6E815}.AppStore|iPhoneSimulator.ActiveCfg = AppStore|iPhoneSimulator
		{1CD6BA0F-1B9A-489D-B3BA-95C78CB6E815}.AppStore|iPhoneSimulator.Build.0 = AppStore|iPhoneSimulator
		{1CD6BA0F-1B9A-489D-B3BA-95C78CB6E815}.AppStore|x64.ActiveCfg = AppStore|iPhone
		{1CD6BA0F-1B9A-489D-B3BA-95C78CB6E815}.AppStore|x86.ActiveCfg = AppStore|iPhone
		{1CD6BA0F-1B9A-489D-B3BA-95C78CB6E815}.Debug|Any CPU.ActiveCfg = Debug|iPhone
		{1CD6BA0F-1B9A-489D-B3BA-95C78CB6E815}.Debug|ARM.ActiveCfg = Debug|iPhone
		{1CD6BA0F-1B9A-489D-B3BA-95C78CB6E815}.Debug|iPhone.ActiveCfg = Debug|iPhone
		{1CD6BA0F-1B9A-489D-B3BA-95C78CB6E815}.Debug|iPhone.Build.0 = Debug|iPhone
		{1CD6BA0F-1B9A-489D-B3BA-95C78CB6E815}.Debug|iPhoneSimulator.ActiveCfg = Debug|iPhoneSimulator
		{1CD6BA0F-1B9A-489D-B3BA-95C78CB6E815}.Debug|iPhoneSimulator.Build.0 = Debug|iPhoneSimulator
		{1CD6BA0F-1B9A-489D-B3BA-95C78CB6E815}.Debug|x64.ActiveCfg = Debug|iPhone
		{1CD6BA0F-1B9A-489D-B3BA-95C78CB6E815}.Debug|x86.ActiveCfg = Debug|iPhone
		{1CD6BA0F-1B9A-489D-B3BA-95C78CB6E815}.Release|Any CPU.ActiveCfg = Release|iPhone
		{1CD6BA0F-1B9A-489D-B3BA-95C78CB6E815}.Release|ARM.ActiveCfg = Release|iPhone
		{1CD6BA0F-1B9A-489D-B3BA-95C78CB6E815}.Release|iPhone.ActiveCfg = Release|iPhone
		{1CD6BA0F-1B9A-489D-B3BA-95C78CB6E815}.Release|iPhone.Build.0 = Release|iPhone
		{1CD6BA0F-1B9A-489D-B3BA-95C78CB6E815}.Release|iPhoneSimulator.ActiveCfg = Release|iPhoneSimulator
		{1CD6BA0F-1B9A-489D-B3BA-95C78CB6E815}.Release|iPhoneSimulator.Build.0 = Release|iPhoneSimulator
		{1CD6BA0F-1B9A-489D-B3BA-95C78CB6E815}.Release|x64.ActiveCfg = Release|iPhone
		{1CD6BA0F-1B9A-489D-B3BA-95C78CB6E815}.Release|x86.ActiveCfg = Release|iPhone
	EndGlobalSection
	GlobalSection(SolutionProperties) = preSolution
		HideSolutionNode = FALSE
	EndGlobalSection
EndGlobal
